<?xml version="1.0" encoding="utf-8"?>
<Project ToolsVersion="4.0" xmlns="http://schemas.microsoft.com/developer/msbuild/2003">
  <ItemGroup>
    <Filter Include="소스 파일">
      <UniqueIdentifier>{4FC737F1-C7A5-4376-A066-2A32D752A2FF}</UniqueIdentifier>
      <Extensions>cpp;c;cc;cxx;def;odl;idl;hpj;bat;asm;asmx</Extensions>
    </Filter>
    <Filter Include="헤더 파일">
      <UniqueIdentifier>{93995380-89BD-4b04-88EB-625FBE52EBFB}</UniqueIdentifier>
      <Extensions>h;hh;hpp;hxx;hm;inl;inc;ipp;xsd</Extensions>
    </Filter>
    <Filter Include="리소스 파일">
      <UniqueIdentifier>{67DA6AB6-F800-4c08-8B7A-83BB121AAD01}</UniqueIdentifier>
      <Extensions>rc;ico;cur;bmp;dlg;rc2;rct;bin;rgs;gif;jpg;jpeg;jpe;resx;tiff;tif;png;wav;mfcribbon-ms</Extensions>
    </Filter>
    <Filter Include="Shader">
      <UniqueIdentifier>{691ef16b-7cf1-4221-a1e4-e0072cfb3c57}</UniqueIdentifier>
    </Filter>
    <Filter Include="헤더 파일\Framework">
      <UniqueIdentifier>{f223db84-dd56-496b-9d50-e8a2ad3019dd}</UniqueIdentifier>
    </Filter>
    <Filter Include="헤더 파일\Interface">
      <UniqueIdentifier>{f95be779-aedc-4e07-86b7-4dc7d1d2578b}</UniqueIdentifier>
    </Filter>
    <Filter Include="헤더 파일\Component">
      <UniqueIdentifier>{75dcf923-25c4-4292-84c3-f5cb9af68c17}</UniqueIdentifier>
    </Filter>
    <Filter Include="소스 파일\Framework">
      <UniqueIdentifier>{b74dbe99-8d16-4f21-8819-cc234404935c}</UniqueIdentifier>
    </Filter>
    <Filter Include="헤더 파일\Object">
      <UniqueIdentifier>{8bca82c9-e3a0-436a-98b9-4cb2e954464d}</UniqueIdentifier>
    </Filter>
    <Filter Include="소스 파일\Object">
      <UniqueIdentifier>{a33a800a-13ed-4235-9dba-23043c4dab5f}</UniqueIdentifier>
    </Filter>
    <Filter Include="소스 파일\Component">
      <UniqueIdentifier>{4e43d9df-90e8-4f4a-9d49-53e18675d66d}</UniqueIdentifier>
    </Filter>
    <Filter Include="소스 파일\Utill">
      <UniqueIdentifier>{0ce47b27-4f5a-472a-b0e1-065210b9c19f}</UniqueIdentifier>
    </Filter>
    <Filter Include="헤더 파일\Utill">
      <UniqueIdentifier>{239a4c43-515a-439f-9427-16bd5dd73ea5}</UniqueIdentifier>
    </Filter>
    <Filter Include="소스 파일\Framework\BuildCode">
      <UniqueIdentifier>{751a5c83-01a6-400c-bc79-3db3c65e0fa3}</UniqueIdentifier>
    </Filter>
    <Filter Include="헤더 파일\UI">
      <UniqueIdentifier>{3e1a863a-eca4-4f38-b825-d8dce5d482cf}</UniqueIdentifier>
    </Filter>
    <Filter Include="소스 파일\UI">
      <UniqueIdentifier>{77e13c13-753e-4841-904c-dd9e8d28edd8}</UniqueIdentifier>
    </Filter>
  </ItemGroup>
  <ItemGroup>
    <ClCompile Include="main.cpp">
      <Filter>소스 파일</Filter>
    </ClCompile>
    <ClCompile Include="BuildShader.cpp">
      <Filter>소스 파일\Framework\BuildCode</Filter>
    </ClCompile>
    <ClCompile Include="BuildVertexs.cpp">
      <Filter>소스 파일\Framework\BuildCode</Filter>
    </ClCompile>
    <ClCompile Include="BuildGameObject.cpp">
      <Filter>소스 파일\Framework\BuildCode</Filter>
    </ClCompile>
    <ClCompile Include="GameObject.cpp">
      <Filter>소스 파일\Object</Filter>
    </ClCompile>
    <ClCompile Include="RenderItem.cpp">
      <Filter>소스 파일\Component</Filter>
    </ClCompile>
    <ClCompile Include="Utill.cpp">
      <Filter>소스 파일\Utill</Filter>
    </ClCompile>
    <ClCompile Include="Framework.cpp">
      <Filter>소스 파일\Framework</Filter>
    </ClCompile>
    <ClCompile Include="LoadObj_Deprecated.cpp">
      <Filter>소스 파일\Utill</Filter>
    </ClCompile>
    <ClCompile Include="BuildMaterial.cpp">
      <Filter>소스 파일\Framework\BuildCode</Filter>
    </ClCompile>
    <ClCompile Include="buildTexture.cpp">
      <Filter>소스 파일\Framework\BuildCode</Filter>
    </ClCompile>
    <ClCompile Include="BuildUIObject.cpp">
      <Filter>소스 파일\Framework\BuildCode</Filter>
    </ClCompile>
    <ClCompile Include="Collision.cpp">
      <Filter>소스 파일\Object</Filter>
    </ClCompile>
    <ClCompile Include="CameraObject.cpp">
      <Filter>소스 파일\Object</Filter>
    </ClCompile>
    <ClCompile Include="LightObejct.cpp">
      <Filter>소스 파일\Object</Filter>
    </ClCompile>
    <ClCompile Include="LambdaLightObject.cpp">
      <Filter>소스 파일\Object</Filter>
    </ClCompile>
    <ClCompile Include="LambdaCameraObject.cpp">
      <Filter>소스 파일\Object</Filter>
    </ClCompile>
    <ClCompile Include="LambdaGameObject.cpp">
      <Filter>소스 파일\Object</Filter>
    </ClCompile>
    <ClCompile Include="MouseCameraObject.cpp">
      <Filter>소스 파일\Object</Filter>
    </ClCompile>
    <ClCompile Include="ConstantVariable.cpp">
      <Filter>소스 파일\Component</Filter>
    </ClCompile>
    <ClCompile Include="Texture.cpp">
      <Filter>소스 파일\Component</Filter>
    </ClCompile>
    <ClCompile Include="UINumber.cpp">
      <Filter>소스 파일\UI</Filter>
    </ClCompile>
    <ClCompile Include="UIObject.cpp">
      <Filter>소스 파일\UI</Filter>
    </ClCompile>
    <ClCompile Include="UIRenderItem.cpp">
      <Filter>소스 파일\UI</Filter>
    </ClCompile>
    <ClCompile Include="UIConstantVariable.cpp">
      <Filter>소스 파일\UI</Filter>
    </ClCompile>
    <ClCompile Include="BuildMapObjects.cpp">
      <Filter>소스 파일\Framework\BuildCode</Filter>
    </ClCompile>
    <ClCompile Include="BuildSound.cpp">
      <Filter>소스 파일\Framework\BuildCode</Filter>
    </ClCompile>
  </ItemGroup>
  <ItemGroup>
    <ClInclude Include="framework.h">
      <Filter>헤더 파일\Framework</Filter>
    </ClInclude>
    <ClInclude Include="Singleton.h">
      <Filter>헤더 파일\Interface</Filter>
    </ClInclude>
    <ClInclude Include="IDrawable.h">
      <Filter>헤더 파일\Interface</Filter>
    </ClInclude>
    <ClInclude Include="IUpdatable.h">
      <Filter>헤더 파일\Interface</Filter>
    </ClInclude>
    <ClInclude Include="GameObject.h">
      <Filter>헤더 파일\Object</Filter>
    </ClInclude>
    <ClInclude Include="GameWorld.h">
      <Filter>헤더 파일\Object</Filter>
    </ClInclude>
    <ClInclude Include="RenderItem.h">
      <Filter>헤더 파일\Component</Filter>
    </ClInclude>
    <ClInclude Include="UniformVariable.h">
      <Filter>헤더 파일\Component</Filter>
    </ClInclude>
    <ClInclude Include="VertexArrayObject.h">
      <Filter>헤더 파일\Component</Filter>
    </ClInclude>
    <ClInclude Include="Transform.h">
      <Filter>헤더 파일\Component</Filter>
    </ClInclude>
    <ClInclude Include="Utill.h">
      <Filter>헤더 파일\Utill</Filter>
    </ClInclude>
    <ClInclude Include="pch.h">
      <Filter>헤더 파일\Utill</Filter>
    </ClInclude>
    <ClInclude Include="GL_HEADER.h">
      <Filter>헤더 파일\Utill</Filter>
    </ClInclude>
    <ClInclude Include="Hierarchy.h">
      <Filter>헤더 파일\Interface</Filter>
    </ClInclude>
    <ClInclude Include="Timer.h">
      <Filter>헤더 파일\Utill</Filter>
    </ClInclude>
    <ClInclude Include="ConstantVariable.h">
      <Filter>헤더 파일\Object</Filter>
    </ClInclude>
    <ClInclude Include="LambdaGameObject.h">
      <Filter>헤더 파일\Object</Filter>
    </ClInclude>
    <ClInclude Include="CameraObject.h">
      <Filter>헤더 파일\Object</Filter>
    </ClInclude>
    <ClInclude Include="LambdaCameraObject.h">
      <Filter>헤더 파일\Object</Filter>
    </ClInclude>
    <ClInclude Include="Color.h">
      <Filter>헤더 파일\Utill</Filter>
    </ClInclude>
    <ClInclude Include="LoadObj_Deprecated.h">
      <Filter>헤더 파일\Utill</Filter>
    </ClInclude>
    <ClInclude Include="LightObejct.h">
      <Filter>헤더 파일\Object</Filter>
    </ClInclude>
    <ClInclude Include="LambdaLightObject.h">
      <Filter>헤더 파일\Object</Filter>
    </ClInclude>
    <ClInclude Include="MacroDefined.h">
      <Filter>헤더 파일\Utill</Filter>
    </ClInclude>
    <ClInclude Include="Material.h">
      <Filter>헤더 파일\Object</Filter>
    </ClInclude>
    <ClInclude Include="MouseCameraObject.h">
      <Filter>헤더 파일\Object</Filter>
    </ClInclude>
    <ClInclude Include="Texture.h">
      <Filter>헤더 파일\Object</Filter>
    </ClInclude>
    <ClInclude Include="UIObject.h">
      <Filter>헤더 파일\UI</Filter>
    </ClInclude>
    <ClInclude Include="UIRenderItem.h">
      <Filter>헤더 파일\UI</Filter>
    </ClInclude>
    <ClInclude Include="CallChain.h">
      <Filter>헤더 파일\UI</Filter>
    </ClInclude>
    <ClInclude Include="BlackBoard.h">
      <Filter>헤더 파일\UI</Filter>
    </ClInclude>
    <ClInclude Include="UIConstantVariable.h">
      <Filter>헤더 파일\UI</Filter>
    </ClInclude>
    <ClInclude Include="UINumber.h">
      <Filter>헤더 파일\UI</Filter>
    </ClInclude>
    <ClInclude Include="Collision.h">
      <Filter>헤더 파일</Filter>
    </ClInclude>
  </ItemGroup>
  <ItemGroup>
    <Text Include="UIBlackBoard.txt">
      <Filter>리소스 파일</Filter>
    </Text>
  </ItemGroup>
  <ItemGroup>
    <None Include="ClassDiagram.cd" />
  </ItemGroup>
</Project>